
Microsoft Visual Studio Solution File, Format Version 12.00
# Visual Studio Version 16
VisualStudioVersion = 16.0.31702.278
MinimumVisualStudioVersion = 10.0.40219.1
Project("{9A19103F-16F7-4668-BE54-9A1E7A4F7556}") = "Lesson 4", "Domowe 1\Lesson 4.csproj", "{E664F53C-7F56-4B94-8288-7D5D152F6F3D}"
EndProject
Project("{9A19103F-16F7-4668-BE54-9A1E7A4F7556}") = "Ex 12", "Homework2\Ex 12.csproj", "{A295A287-8AE1-47C1-990A-738B4C0FAE26}"
EndProject
Project("{FAE04EC0-301F-11D3-BF4B-00C04F79EFBC}") = "Ex 13", "Kalkulator\Ex 13.csproj", "{79C070CE-AFDD-4932-94AE-4DA5B781EAF7}"
EndProject
Project("{9A19103F-16F7-4668-BE54-9A1E7A4F7556}") = "Ex 01", "Lesson 8\Ex 01.csproj", "{4756A873-22AD-476E-B43F-F9AF6B56817A}"
EndProject
Project("{2150E333-8FDC-42A3-9474-1A3956D46DE8}") = "Lesson 8", "Lesson 8", "{D6DDC607-5E24-42EB-8B4F-70982C872CFA}"
EndProject
Project("{FAE04EC0-301F-11D3-BF4B-00C04F79EFBC}") = "Ex 02", "Ex. 2\Ex 02.csproj", "{C11CBEFA-30CC-4F41-886E-DD4FE13FCD77}"
EndProject
Project("{FAE04EC0-301F-11D3-BF4B-00C04F79EFBC}") = "Ex 03", "Ex. 3\Ex 03.csproj", "{E342BE40-1107-4C87-BBB7-E1E2740E47B8}"
EndProject
Project("{9A19103F-16F7-4668-BE54-9A1E7A4F7556}") = "Ex 04", "Ex. 4\Ex 04.csproj", "{20E6BC51-E65A-4AEA-963E-E3380C189F65}"
EndProject
Project("{FAE04EC0-301F-11D3-BF4B-00C04F79EFBC}") = "Ex 05", "Ex. 5\Ex 05.csproj", "{F5ACA9CB-F717-44D6-A808-B38A75370A14}"
EndProject
Project("{FAE04EC0-301F-11D3-BF4B-00C04F79EFBC}") = "Ex 06", "Ex. 6\Ex 06.csproj", "{BC23AC13-C264-4483-8FC8-B691703EF1B6}"
EndProject
Project("{9A19103F-16F7-4668-BE54-9A1E7A4F7556}") = "Ex 07", "Ex. 7\Ex 07.csproj", "{59229A80-2F5F-4832-80F4-17FD4366AA5B}"
EndProject
Project("{9A19103F-16F7-4668-BE54-9A1E7A4F7556}") = "Ex 08", "Ex. 8\Ex 08.csproj", "{6D417CF5-82AE-42B4-A133-76D5FDDF3491}"
EndProject
Project("{2150E333-8FDC-42A3-9474-1A3956D46DE8}") = "Lesson 7", "Lesson 7", "{8C9B8A59-04FD-4907-9A3E-3737E08E2785}"
EndProject
Project("{2150E333-8FDC-42A3-9474-1A3956D46DE8}") = "Lesson 4", "Lesson 4", "{2D29EF3E-B150-42AE-8083-70C750D36CD5}"
EndProject
Project("{FAE04EC0-301F-11D3-BF4B-00C04F79EFBC}") = "Ex 09", "Ex. 9\Ex 09.csproj", "{F1424EC5-35DE-4F1A-A92D-CC8BF1FEF897}"
EndProject
Project("{FAE04EC0-301F-11D3-BF4B-00C04F79EFBC}") = "Ex 10", "Ex. 10\Ex 10.csproj", "{B463E821-0C46-46A9-937E-33ABB989DE5C}"
EndProject
Project("{FAE04EC0-301F-11D3-BF4B-00C04F79EFBC}") = "Ex 01", "ConsoleApp1\Ex 01.csproj", "{D99350C3-2616-4DCE-83FB-433DFE5DB800}"
EndProject
Project("{FAE04EC0-301F-11D3-BF4B-00C04F79EFBC}") = "Ex 02", "Ex 02\Ex 02.csproj", "{8A0A37CA-92DE-4B96-A0ED-05C72E07755A}"
EndProject
Project("{FAE04EC0-301F-11D3-BF4B-00C04F79EFBC}") = "Ex 03", "Ex 03\Ex 03.csproj", "{998515AA-1F24-4047-BE11-885700D37064}"
EndProject
Project("{FAE04EC0-301F-11D3-BF4B-00C04F79EFBC}") = "Ex 04", "Ex 04\Ex 04.csproj", "{74FD0E0F-FDA7-47D8-9D1B-5C88EACB0DE4}"
EndProject
Project("{FAE04EC0-301F-11D3-BF4B-00C04F79EFBC}") = "Ex 05", "Ex 05\Ex 05.csproj", "{E2EA6DA8-0DD8-487B-BCD0-A4BC26470CEF}"
EndProject
Project("{FAE04EC0-301F-11D3-BF4B-00C04F79EFBC}") = "Ex 06", "Ex 06\Ex 06.csproj", "{2D9B0BFB-41E0-4FCA-BC86-4CF48D51E499}"
EndProject
Project("{FAE04EC0-301F-11D3-BF4B-00C04F79EFBC}") = "Ex 07", "Ex 07\Ex 07.csproj", "{26D66BE8-83F2-4D9B-B70E-E40C6A7C28EE}"
EndProject
Project("{FAE04EC0-301F-11D3-BF4B-00C04F79EFBC}") = "Ex 08", "Ex 08\Ex 08.csproj", "{9C6DAC28-EBE7-4239-ACCB-7AE0373BF8BC}"
EndProject
Project("{FAE04EC0-301F-11D3-BF4B-00C04F79EFBC}") = "Ex 09", "Ex 09\Ex 09.csproj", "{05B2A8F7-B1B1-4DBF-98C3-27E5EBA504CD}"
EndProject
Project("{FAE04EC0-301F-11D3-BF4B-00C04F79EFBC}") = "Ex 10", "Ex 10\Ex 10.csproj", "{7614FB9B-01C3-49E1-85DC-7380D0B5D1E7}"
EndProject
Project("{FAE04EC0-301F-11D3-BF4B-00C04F79EFBC}") = "Ex 11", "Ex 11\Ex 11.csproj", "{7C9A547C-ADF6-4FFF-86E2-E10B413EC64D}"
EndProject
Global
	GlobalSection(SolutionConfigurationPlatforms) = preSolution
		Debug|Any CPU = Debug|Any CPU
		Release|Any CPU = Release|Any CPU
	EndGlobalSection
	GlobalSection(ProjectConfigurationPlatforms) = postSolution
		{E664F53C-7F56-4B94-8288-7D5D152F6F3D}.Debug|Any CPU.ActiveCfg = Debug|Any CPU
		{E664F53C-7F56-4B94-8288-7D5D152F6F3D}.Debug|Any CPU.Build.0 = Debug|Any CPU
		{E664F53C-7F56-4B94-8288-7D5D152F6F3D}.Release|Any CPU.ActiveCfg = Release|Any CPU
		{E664F53C-7F56-4B94-8288-7D5D152F6F3D}.Release|Any CPU.Build.0 = Release|Any CPU
		{A295A287-8AE1-47C1-990A-738B4C0FAE26}.Debug|Any CPU.ActiveCfg = Debug|Any CPU
		{A295A287-8AE1-47C1-990A-738B4C0FAE26}.Debug|Any CPU.Build.0 = Debug|Any CPU
		{A295A287-8AE1-47C1-990A-738B4C0FAE26}.Release|Any CPU.ActiveCfg = Release|Any CPU
		{A295A287-8AE1-47C1-990A-738B4C0FAE26}.Release|Any CPU.Build.0 = Release|Any CPU
		{79C070CE-AFDD-4932-94AE-4DA5B781EAF7}.Debug|Any CPU.ActiveCfg = Debug|Any CPU
		{79C070CE-AFDD-4932-94AE-4DA5B781EAF7}.Debug|Any CPU.Build.0 = Debug|Any CPU
		{79C070CE-AFDD-4932-94AE-4DA5B781EAF7}.Release|Any CPU.ActiveCfg = Release|Any CPU
		{79C070CE-AFDD-4932-94AE-4DA5B781EAF7}.Release|Any CPU.Build.0 = Release|Any CPU
		{4756A873-22AD-476E-B43F-F9AF6B56817A}.Debug|Any CPU.ActiveCfg = Debug|Any CPU
		{4756A873-22AD-476E-B43F-F9AF6B56817A}.Debug|Any CPU.Build.0 = Debug|Any CPU
		{4756A873-22AD-476E-B43F-F9AF6B56817A}.Release|Any CPU.ActiveCfg = Release|Any CPU
		{4756A873-22AD-476E-B43F-F9AF6B56817A}.Release|Any CPU.Build.0 = Release|Any CPU
		{C11CBEFA-30CC-4F41-886E-DD4FE13FCD77}.Debug|Any CPU.ActiveCfg = Debug|Any CPU
		{C11CBEFA-30CC-4F41-886E-DD4FE13FCD77}.Debug|Any CPU.Build.0 = Debug|Any CPU
		{C11CBEFA-30CC-4F41-886E-DD4FE13FCD77}.Release|Any CPU.ActiveCfg = Release|Any CPU
		{C11CBEFA-30CC-4F41-886E-DD4FE13FCD77}.Release|Any CPU.Build.0 = Release|Any CPU
		{E342BE40-1107-4C87-BBB7-E1E2740E47B8}.Debug|Any CPU.ActiveCfg = Debug|Any CPU
		{E342BE40-1107-4C87-BBB7-E1E2740E47B8}.Debug|Any CPU.Build.0 = Debug|Any CPU
		{E342BE40-1107-4C87-BBB7-E1E2740E47B8}.Release|Any CPU.ActiveCfg = Release|Any CPU
		{E342BE40-1107-4C87-BBB7-E1E2740E47B8}.Release|Any CPU.Build.0 = Release|Any CPU
		{20E6BC51-E65A-4AEA-963E-E3380C189F65}.Debug|Any CPU.ActiveCfg = Debug|Any CPU
		{20E6BC51-E65A-4AEA-963E-E3380C189F65}.Debug|Any CPU.Build.0 = Debug|Any CPU
		{20E6BC51-E65A-4AEA-963E-E3380C189F65}.Release|Any CPU.ActiveCfg = Release|Any CPU
		{20E6BC51-E65A-4AEA-963E-E3380C189F65}.Release|Any CPU.Build.0 = Release|Any CPU
		{F5ACA9CB-F717-44D6-A808-B38A75370A14}.Debug|Any CPU.ActiveCfg = Debug|Any CPU
		{F5ACA9CB-F717-44D6-A808-B38A75370A14}.Debug|Any CPU.Build.0 = Debug|Any CPU
		{F5ACA9CB-F717-44D6-A808-B38A75370A14}.Release|Any CPU.ActiveCfg = Release|Any CPU
		{F5ACA9CB-F717-44D6-A808-B38A75370A14}.Release|Any CPU.Build.0 = Release|Any CPU
		{BC23AC13-C264-4483-8FC8-B691703EF1B6}.Debug|Any CPU.ActiveCfg = Debug|Any CPU
		{BC23AC13-C264-4483-8FC8-B691703EF1B6}.Debug|Any CPU.Build.0 = Debug|Any CPU
		{BC23AC13-C264-4483-8FC8-B691703EF1B6}.Release|Any CPU.ActiveCfg = Release|Any CPU
		{BC23AC13-C264-4483-8FC8-B691703EF1B6}.Release|Any CPU.Build.0 = Release|Any CPU
		{59229A80-2F5F-4832-80F4-17FD4366AA5B}.Debug|Any CPU.ActiveCfg = Debug|Any CPU
		{59229A80-2F5F-4832-80F4-17FD4366AA5B}.Debug|Any CPU.Build.0 = Debug|Any CPU
		{59229A80-2F5F-4832-80F4-17FD4366AA5B}.Release|Any CPU.ActiveCfg = Release|Any CPU
		{59229A80-2F5F-4832-80F4-17FD4366AA5B}.Release|Any CPU.Build.0 = Release|Any CPU
		{6D417CF5-82AE-42B4-A133-76D5FDDF3491}.Debug|Any CPU.ActiveCfg = Debug|Any CPU
		{6D417CF5-82AE-42B4-A133-76D5FDDF3491}.Debug|Any CPU.Build.0 = Debug|Any CPU
		{6D417CF5-82AE-42B4-A133-76D5FDDF3491}.Release|Any CPU.ActiveCfg = Release|Any CPU
		{6D417CF5-82AE-42B4-A133-76D5FDDF3491}.Release|Any CPU.Build.0 = Release|Any CPU
		{F1424EC5-35DE-4F1A-A92D-CC8BF1FEF897}.Debug|Any CPU.ActiveCfg = Debug|Any CPU
		{F1424EC5-35DE-4F1A-A92D-CC8BF1FEF897}.Debug|Any CPU.Build.0 = Debug|Any CPU
		{F1424EC5-35DE-4F1A-A92D-CC8BF1FEF897}.Release|Any CPU.ActiveCfg = Release|Any CPU
		{F1424EC5-35DE-4F1A-A92D-CC8BF1FEF897}.Release|Any CPU.Build.0 = Release|Any CPU
		{B463E821-0C46-46A9-937E-33ABB989DE5C}.Debug|Any CPU.ActiveCfg = Debug|Any CPU
		{B463E821-0C46-46A9-937E-33ABB989DE5C}.Debug|Any CPU.Build.0 = Debug|Any CPU
		{B463E821-0C46-46A9-937E-33ABB989DE5C}.Release|Any CPU.ActiveCfg = Release|Any CPU
		{B463E821-0C46-46A9-937E-33ABB989DE5C}.Release|Any CPU.Build.0 = Release|Any CPU
		{D99350C3-2616-4DCE-83FB-433DFE5DB800}.Debug|Any CPU.ActiveCfg = Debug|Any CPU
		{D99350C3-2616-4DCE-83FB-433DFE5DB800}.Debug|Any CPU.Build.0 = Debug|Any CPU
		{D99350C3-2616-4DCE-83FB-433DFE5DB800}.Release|Any CPU.ActiveCfg = Release|Any CPU
		{D99350C3-2616-4DCE-83FB-433DFE5DB800}.Release|Any CPU.Build.0 = Release|Any CPU
		{8A0A37CA-92DE-4B96-A0ED-05C72E07755A}.Debug|Any CPU.ActiveCfg = Debug|Any CPU
		{8A0A37CA-92DE-4B96-A0ED-05C72E07755A}.Debug|Any CPU.Build.0 = Debug|Any CPU
		{8A0A37CA-92DE-4B96-A0ED-05C72E07755A}.Release|Any CPU.ActiveCfg = Release|Any CPU
		{8A0A37CA-92DE-4B96-A0ED-05C72E07755A}.Release|Any CPU.Build.0 = Release|Any CPU
		{998515AA-1F24-4047-BE11-885700D37064}.Debug|Any CPU.ActiveCfg = Debug|Any CPU
		{998515AA-1F24-4047-BE11-885700D37064}.Debug|Any CPU.Build.0 = Debug|Any CPU
		{998515AA-1F24-4047-BE11-885700D37064}.Release|Any CPU.ActiveCfg = Release|Any CPU
		{998515AA-1F24-4047-BE11-885700D37064}.Release|Any CPU.Build.0 = Release|Any CPU
		{74FD0E0F-FDA7-47D8-9D1B-5C88EACB0DE4}.Debug|Any CPU.ActiveCfg = Debug|Any CPU
		{74FD0E0F-FDA7-47D8-9D1B-5C88EACB0DE4}.Debug|Any CPU.Build.0 = Debug|Any CPU
		{74FD0E0F-FDA7-47D8-9D1B-5C88EACB0DE4}.Release|Any CPU.ActiveCfg = Release|Any CPU
		{74FD0E0F-FDA7-47D8-9D1B-5C88EACB0DE4}.Release|Any CPU.Build.0 = Release|Any CPU
		{E2EA6DA8-0DD8-487B-BCD0-A4BC26470CEF}.Debug|Any CPU.ActiveCfg = Debug|Any CPU
		{E2EA6DA8-0DD8-487B-BCD0-A4BC26470CEF}.Debug|Any CPU.Build.0 = Debug|Any CPU
		{E2EA6DA8-0DD8-487B-BCD0-A4BC26470CEF}.Release|Any CPU.ActiveCfg = Release|Any CPU
		{E2EA6DA8-0DD8-487B-BCD0-A4BC26470CEF}.Release|Any CPU.Build.0 = Release|Any CPU
		{2D9B0BFB-41E0-4FCA-BC86-4CF48D51E499}.Debug|Any CPU.ActiveCfg = Debug|Any CPU
		{2D9B0BFB-41E0-4FCA-BC86-4CF48D51E499}.Debug|Any CPU.Build.0 = Debug|Any CPU
		{2D9B0BFB-41E0-4FCA-BC86-4CF48D51E499}.Release|Any CPU.ActiveCfg = Release|Any CPU
		{2D9B0BFB-41E0-4FCA-BC86-4CF48D51E499}.Release|Any CPU.Build.0 = Release|Any CPU
		{26D66BE8-83F2-4D9B-B70E-E40C6A7C28EE}.Debug|Any CPU.ActiveCfg = Debug|Any CPU
		{26D66BE8-83F2-4D9B-B70E-E40C6A7C28EE}.Debug|Any CPU.Build.0 = Debug|Any CPU
		{26D66BE8-83F2-4D9B-B70E-E40C6A7C28EE}.Release|Any CPU.ActiveCfg = Release|Any CPU
		{26D66BE8-83F2-4D9B-B70E-E40C6A7C28EE}.Release|Any CPU.Build.0 = Release|Any CPU
		{9C6DAC28-EBE7-4239-ACCB-7AE0373BF8BC}.Debug|Any CPU.ActiveCfg = Debug|Any CPU
		{9C6DAC28-EBE7-4239-ACCB-7AE0373BF8BC}.Debug|Any CPU.Build.0 = Debug|Any CPU
		{9C6DAC28-EBE7-4239-ACCB-7AE0373BF8BC}.Release|Any CPU.ActiveCfg = Release|Any CPU
		{9C6DAC28-EBE7-4239-ACCB-7AE0373BF8BC}.Release|Any CPU.Build.0 = Release|Any CPU
		{05B2A8F7-B1B1-4DBF-98C3-27E5EBA504CD}.Debug|Any CPU.ActiveCfg = Debug|Any CPU
		{05B2A8F7-B1B1-4DBF-98C3-27E5EBA504CD}.Debug|Any CPU.Build.0 = Debug|Any CPU
		{05B2A8F7-B1B1-4DBF-98C3-27E5EBA504CD}.Release|Any CPU.ActiveCfg = Release|Any CPU
		{05B2A8F7-B1B1-4DBF-98C3-27E5EBA504CD}.Release|Any CPU.Build.0 = Release|Any CPU
		{7614FB9B-01C3-49E1-85DC-7380D0B5D1E7}.Debug|Any CPU.ActiveCfg = Debug|Any CPU
		{7614FB9B-01C3-49E1-85DC-7380D0B5D1E7}.Debug|Any CPU.Build.0 = Debug|Any CPU
		{7614FB9B-01C3-49E1-85DC-7380D0B5D1E7}.Release|Any CPU.ActiveCfg = Release|Any CPU
		{7614FB9B-01C3-49E1-85DC-7380D0B5D1E7}.Release|Any CPU.Build.0 = Release|Any CPU
		{7C9A547C-ADF6-4FFF-86E2-E10B413EC64D}.Debug|Any CPU.ActiveCfg = Debug|Any CPU
		{7C9A547C-ADF6-4FFF-86E2-E10B413EC64D}.Debug|Any CPU.Build.0 = Debug|Any CPU
		{7C9A547C-ADF6-4FFF-86E2-E10B413EC64D}.Release|Any CPU.ActiveCfg = Release|Any CPU
		{7C9A547C-ADF6-4FFF-86E2-E10B413EC64D}.Release|Any CPU.Build.0 = Release|Any CPU
	EndGlobalSection
	GlobalSection(SolutionProperties) = preSolution
		HideSolutionNode = FALSE
	EndGlobalSection
	GlobalSection(NestedProjects) = preSolution
		{E664F53C-7F56-4B94-8288-7D5D152F6F3D} = {2D29EF3E-B150-42AE-8083-70C750D36CD5}
		{A295A287-8AE1-47C1-990A-738B4C0FAE26} = {8C9B8A59-04FD-4907-9A3E-3737E08E2785}
		{79C070CE-AFDD-4932-94AE-4DA5B781EAF7} = {8C9B8A59-04FD-4907-9A3E-3737E08E2785}
		{4756A873-22AD-476E-B43F-F9AF6B56817A} = {D6DDC607-5E24-42EB-8B4F-70982C872CFA}
		{C11CBEFA-30CC-4F41-886E-DD4FE13FCD77} = {D6DDC607-5E24-42EB-8B4F-70982C872CFA}
		{E342BE40-1107-4C87-BBB7-E1E2740E47B8} = {D6DDC607-5E24-42EB-8B4F-70982C872CFA}
		{20E6BC51-E65A-4AEA-963E-E3380C189F65} = {D6DDC607-5E24-42EB-8B4F-70982C872CFA}
		{F5ACA9CB-F717-44D6-A808-B38A75370A14} = {D6DDC607-5E24-42EB-8B4F-70982C872CFA}
		{BC23AC13-C264-4483-8FC8-B691703EF1B6} = {D6DDC607-5E24-42EB-8B4F-70982C872CFA}
		{59229A80-2F5F-4832-80F4-17FD4366AA5B} = {D6DDC607-5E24-42EB-8B4F-70982C872CFA}
		{6D417CF5-82AE-42B4-A133-76D5FDDF3491} = {D6DDC607-5E24-42EB-8B4F-70982C872CFA}
		{F1424EC5-35DE-4F1A-A92D-CC8BF1FEF897} = {D6DDC607-5E24-42EB-8B4F-70982C872CFA}
		{B463E821-0C46-46A9-937E-33ABB989DE5C} = {D6DDC607-5E24-42EB-8B4F-70982C872CFA}
		{D99350C3-2616-4DCE-83FB-433DFE5DB800} = {8C9B8A59-04FD-4907-9A3E-3737E08E2785}
		{8A0A37CA-92DE-4B96-A0ED-05C72E07755A} = {8C9B8A59-04FD-4907-9A3E-3737E08E2785}
		{998515AA-1F24-4047-BE11-885700D37064} = {8C9B8A59-04FD-4907-9A3E-3737E08E2785}
		{74FD0E0F-FDA7-47D8-9D1B-5C88EACB0DE4} = {8C9B8A59-04FD-4907-9A3E-3737E08E2785}
		{E2EA6DA8-0DD8-487B-BCD0-A4BC26470CEF} = {8C9B8A59-04FD-4907-9A3E-3737E08E2785}
		{2D9B0BFB-41E0-4FCA-BC86-4CF48D51E499} = {8C9B8A59-04FD-4907-9A3E-3737E08E2785}
		{26D66BE8-83F2-4D9B-B70E-E40C6A7C28EE} = {8C9B8A59-04FD-4907-9A3E-3737E08E2785}
		{9C6DAC28-EBE7-4239-ACCB-7AE0373BF8BC} = {8C9B8A59-04FD-4907-9A3E-3737E08E2785}
		{05B2A8F7-B1B1-4DBF-98C3-27E5EBA504CD} = {8C9B8A59-04FD-4907-9A3E-3737E08E2785}
		{7614FB9B-01C3-49E1-85DC-7380D0B5D1E7} = {8C9B8A59-04FD-4907-9A3E-3737E08E2785}
		{7C9A547C-ADF6-4FFF-86E2-E10B413EC64D} = {8C9B8A59-04FD-4907-9A3E-3737E08E2785}
	EndGlobalSection
	GlobalSection(ExtensibilityGlobals) = postSolution
		SolutionGuid = {636E6CAB-5B60-48A0-8203-BE54050A32A8}
	EndGlobalSection
EndGlobal
